
Microsoft Visual Studio Solution File, Format Version 12.00
# Visual Studio 14
VisualStudioVersion = 14.0.25420.1
MinimumVisualStudioVersion = 10.0.40219.1
Project("{FAE04EC0-301F-11D3-BF4B-00C04F79EFBC}") = "EasyStepperDriver", "EasyStepperDriver\EasyStepperDriver.csproj", "{51ECE799-D007-4689-94FE-5F916996BA5B}"
EndProject
Project("{FAE04EC0-301F-11D3-BF4B-00C04F79EFBC}") = "Netduino", "Netduino\Netduino.csproj", "{FDDAD796-17F0-4BDA-ADEC-453C43C75163}"
EndProject
Global
	GlobalSection(SolutionConfigurationPlatforms) = preSolution
		Debug|Any CPU = Debug|Any CPU
		Release|Any CPU = Release|Any CPU
	EndGlobalSection
	GlobalSection(ProjectConfigurationPlatforms) = postSolution
		{51ECE799-D007-4689-94FE-5F916996BA5B}.Debug|Any CPU.ActiveCfg = Debug|Any CPU
		{51ECE799-D007-4689-94FE-5F916996BA5B}.Debug|Any CPU.Build.0 = Debug|Any CPU
		{51ECE799-D007-4689-94FE-5F916996BA5B}.Release|Any CPU.ActiveCfg = Release|Any CPU
		{51ECE799-D007-4689-94FE-5F916996BA5B}.Release|Any CPU.Build.0 = Release|Any CPU
		{FDDAD796-17F0-4BDA-ADEC-453C43C75163}.Debug|Any CPU.ActiveCfg = Debug|Any CPU
		{FDDAD796-17F0-4BDA-ADEC-453C43C75163}.Debug|Any CPU.Build.0 = Debug|Any CPU
		{FDDAD796-17F0-4BDA-ADEC-453C43C75163}.Debug|Any CPU.Deploy.0 = Debug|Any CPU
		{FDDAD796-17F0-4BDA-ADEC-453C43C75163}.Release|Any CPU.ActiveCfg = Release|Any CPU
		{FDDAD796-17F0-4BDA-ADEC-453C43C75163}.Release|Any CPU.Build.0 = Release|Any CPU
		{FDDAD796-17F0-4BDA-ADEC-453C43C75163}.Release|Any CPU.Deploy.0 = Release|Any CPU
	EndGlobalSection
	GlobalSection(SolutionProperties) = preSolution
		HideSolutionNode = FALSE
	EndGlobalSection
EndGlobal
